
Microsoft Visual Studio Solution File, Format Version 12.00
# Visual Studio Version 17
VisualStudioVersion = 17.8.34322.80
MinimumVisualStudioVersion = 10.0.40219.1
Project("{FAE04EC0-301F-11D3-BF4B-00C04F79EFBC}") = "web Pages", "web Pages\web Pages.csproj", "{7021279A-B7E0-40F1-97BD-401C9E37FE9A}"
EndProject
Global
	GlobalSection(SolutionConfigurationPlatforms) = preSolution
		Debug|Any CPU = Debug|Any CPU
		Release|Any CPU = Release|Any CPU
	EndGlobalSection
	GlobalSection(ProjectConfigurationPlatforms) = postSolution
		{7021279A-B7E0-40F1-97BD-401C9E37FE9A}.Debug|Any CPU.ActiveCfg = Debug|Any CPU
		{7021279A-B7E0-40F1-97BD-401C9E37FE9A}.Debug|Any CPU.Build.0 = Debug|Any CPU
		{7021279A-B7E0-40F1-97BD-401C9E37FE9A}.Release|Any CPU.ActiveCfg = Release|Any CPU
		{7021279A-B7E0-40F1-97BD-401C9E37FE9A}.Release|Any CPU.Build.0 = Release|Any CPU
	EndGlobalSection
	GlobalSection(SolutionProperties) = preSolution
		HideSolutionNode = FALSE
	EndGlobalSection
	GlobalSection(ExtensibilityGlobals) = postSolution
		SolutionGuid = {46E9EFDE-3A11-4013-A09E-BBFBB494AD2F}
	EndGlobalSection
EndGlobal
